
Microsoft Visual Studio Solution File, Format Version 12.00
# Visual Studio Version 17
VisualStudioVersion = 17.0.31919.166
MinimumVisualStudioVersion = 10.0.40219.1
Project("{9A19103F-16F7-4668-BE54-9A1E7A4F7556}") = "FactoryMethod", "FactoryMethod\FactoryMethod.csproj", "{943E00DE-D719-40E2-B6EF-3A85DE4B4BDE}"
EndProject
Project("{9A19103F-16F7-4668-BE54-9A1E7A4F7556}") = "Builder", "Builder\Builder.csproj", "{E8A72F54-28DB-4D4D-9518-B8D22E1FED1D}"
EndProject
Project("{9A19103F-16F7-4668-BE54-9A1E7A4F7556}") = "AbstractFactory", "AbstractFactory\AbstractFactory.csproj", "{48992187-6C5C-4CF3-A98C-03F01FC448C9}"
EndProject
Project("{9A19103F-16F7-4668-BE54-9A1E7A4F7556}") = "Singleton", "Singleton\Singleton.csproj", "{206E3455-C2BE-4551-9DDD-68F1DA389F08}"
EndProject
Project("{FAE04EC0-301F-11D3-BF4B-00C04F79EFBC}") = "Prototype", "Prototype\Prototype.csproj", "{7B014AEB-918E-409C-8044-745A82EF78FB}"
EndProject
Global
	GlobalSection(SolutionConfigurationPlatforms) = preSolution
		Debug|Any CPU = Debug|Any CPU
		Release|Any CPU = Release|Any CPU
	EndGlobalSection
	GlobalSection(ProjectConfigurationPlatforms) = postSolution
		{943E00DE-D719-40E2-B6EF-3A85DE4B4BDE}.Debug|Any CPU.ActiveCfg = Debug|Any CPU
		{943E00DE-D719-40E2-B6EF-3A85DE4B4BDE}.Debug|Any CPU.Build.0 = Debug|Any CPU
		{943E00DE-D719-40E2-B6EF-3A85DE4B4BDE}.Release|Any CPU.ActiveCfg = Release|Any CPU
		{943E00DE-D719-40E2-B6EF-3A85DE4B4BDE}.Release|Any CPU.Build.0 = Release|Any CPU
		{E8A72F54-28DB-4D4D-9518-B8D22E1FED1D}.Debug|Any CPU.ActiveCfg = Debug|Any CPU
		{E8A72F54-28DB-4D4D-9518-B8D22E1FED1D}.Debug|Any CPU.Build.0 = Debug|Any CPU
		{E8A72F54-28DB-4D4D-9518-B8D22E1FED1D}.Release|Any CPU.ActiveCfg = Release|Any CPU
		{E8A72F54-28DB-4D4D-9518-B8D22E1FED1D}.Release|Any CPU.Build.0 = Release|Any CPU
		{48992187-6C5C-4CF3-A98C-03F01FC448C9}.Debug|Any CPU.ActiveCfg = Debug|Any CPU
		{48992187-6C5C-4CF3-A98C-03F01FC448C9}.Debug|Any CPU.Build.0 = Debug|Any CPU
		{48992187-6C5C-4CF3-A98C-03F01FC448C9}.Release|Any CPU.ActiveCfg = Release|Any CPU
		{48992187-6C5C-4CF3-A98C-03F01FC448C9}.Release|Any CPU.Build.0 = Release|Any CPU
		{206E3455-C2BE-4551-9DDD-68F1DA389F08}.Debug|Any CPU.ActiveCfg = Debug|Any CPU
		{206E3455-C2BE-4551-9DDD-68F1DA389F08}.Debug|Any CPU.Build.0 = Debug|Any CPU
		{206E3455-C2BE-4551-9DDD-68F1DA389F08}.Release|Any CPU.ActiveCfg = Release|Any CPU
		{206E3455-C2BE-4551-9DDD-68F1DA389F08}.Release|Any CPU.Build.0 = Release|Any CPU
		{7B014AEB-918E-409C-8044-745A82EF78FB}.Debug|Any CPU.ActiveCfg = Debug|Any CPU
		{7B014AEB-918E-409C-8044-745A82EF78FB}.Debug|Any CPU.Build.0 = Debug|Any CPU
		{7B014AEB-918E-409C-8044-745A82EF78FB}.Release|Any CPU.ActiveCfg = Release|Any CPU
		{7B014AEB-918E-409C-8044-745A82EF78FB}.Release|Any CPU.Build.0 = Release|Any CPU
	EndGlobalSection
	GlobalSection(SolutionProperties) = preSolution
		HideSolutionNode = FALSE
	EndGlobalSection
	GlobalSection(ExtensibilityGlobals) = postSolution
		SolutionGuid = {B0A0539C-B11F-4594-A902-8E4374141D80}
	EndGlobalSection
EndGlobal
